<?xml version="1.0" encoding="utf-8"?>
<Project ToolsVersion="4.0" xmlns="http://schemas.microsoft.com/developer/msbuild/2003">
  <ItemGroup>
    <Filter Include="소스 파일">
      <UniqueIdentifier>{4FC737F1-C7A5-4376-A066-2A32D752A2FF}</UniqueIdentifier>
      <Extensions>cpp;c;cc;cxx;c++;cppm;ixx;def;odl;idl;hpj;bat;asm;asmx</Extensions>
    </Filter>
    <Filter Include="헤더 파일">
      <UniqueIdentifier>{93995380-89BD-4b04-88EB-625FBE52EBFB}</UniqueIdentifier>
      <Extensions>h;hh;hpp;hxx;h++;hm;inl;inc;ipp;xsd</Extensions>
    </Filter>
    <Filter Include="리소스 파일">
      <UniqueIdentifier>{67DA6AB6-F800-4c08-8B7A-83BB121AAD01}</UniqueIdentifier>
      <Extensions>rc;ico;cur;bmp;dlg;rc2;rct;bin;rgs;gif;jpg;jpeg;jpe;resx;tiff;tif;png;wav;mfcribbon-ms</Extensions>
    </Filter>
    <Filter Include="SingleTon">
      <UniqueIdentifier>{7b7a8d4e-acb0-4dcd-b817-27fcd414934d}</UniqueIdentifier>
    </Filter>
    <Filter Include="Render">
      <UniqueIdentifier>{2858a390-7d2d-40ef-a230-2608d8019f06}</UniqueIdentifier>
    </Filter>
    <Filter Include="Util">
      <UniqueIdentifier>{09a2f3a0-2101-41dd-b5ca-c8be717063be}</UniqueIdentifier>
    </Filter>
    <Filter Include="Scene">
      <UniqueIdentifier>{06eb8c14-25aa-4693-b043-c9f3fb3bd0ca}</UniqueIdentifier>
    </Filter>
    <Filter Include="Object">
      <UniqueIdentifier>{0f8fc78a-ea54-4f03-b798-674e532a9072}</UniqueIdentifier>
    </Filter>
    <Filter Include="UI">
      <UniqueIdentifier>{a759ec74-2542-4a57-b85d-d0bdf6692a2f}</UniqueIdentifier>
    </Filter>
    <Filter Include="Character">
      <UniqueIdentifier>{50b45b51-b16e-47e2-98e5-4d3723a1ed6d}</UniqueIdentifier>
    </Filter>
    <Filter Include="Controller">
      <UniqueIdentifier>{9005d410-c059-45eb-b016-c18df1ac25b8}</UniqueIdentifier>
    </Filter>
  </ItemGroup>
  <ItemGroup>
    <ClInclude Include="framework.h">
      <Filter>헤더 파일</Filter>
    </ClInclude>
    <ClInclude Include="targetver.h">
      <Filter>헤더 파일</Filter>
    </ClInclude>
    <ClInclude Include="Resource.h">
      <Filter>헤더 파일</Filter>
    </ClInclude>
    <ClInclude Include="have_a_nice_death.h">
      <Filter>헤더 파일</Filter>
    </ClInclude>
    <ClInclude Include="SpriteManager.h">
      <Filter>SingleTon</Filter>
    </ClInclude>
    <ClInclude Include="Singleton.h">
      <Filter>SingleTon</Filter>
    </ClInclude>
    <ClInclude Include="Texture.h">
      <Filter>Render</Filter>
    </ClInclude>
    <ClInclude Include="pch.h">
      <Filter>헤더 파일</Filter>
    </ClInclude>
    <ClInclude Include="Defines.h">
      <Filter>Util</Filter>
    </ClInclude>
    <ClInclude Include="DXBitmap.h">
      <Filter>Util</Filter>
    </ClInclude>
    <ClInclude Include="Game.h">
      <Filter>SingleTon</Filter>
    </ClInclude>
    <ClInclude Include="InputManager.h">
      <Filter>SingleTon</Filter>
    </ClInclude>
    <ClInclude Include="TimeManager.h">
      <Filter>SingleTon</Filter>
    </ClInclude>
    <ClInclude Include="LobbyScene.h">
      <Filter>Scene</Filter>
    </ClInclude>
    <ClInclude Include="GameScene.h">
      <Filter>Scene</Filter>
    </ClInclude>
    <ClInclude Include="EditorScene.h">
      <Filter>Scene</Filter>
    </ClInclude>
    <ClInclude Include="Object.h">
      <Filter>Object</Filter>
    </ClInclude>
    <ClInclude Include="Animaotr.h">
      <Filter>Render</Filter>
    </ClInclude>
    <ClInclude Include="LivingObject.h">
      <Filter>Object</Filter>
    </ClInclude>
    <ClInclude Include="StaticObject.h">
      <Filter>Object</Filter>
    </ClInclude>
    <ClInclude Include="UI.h">
      <Filter>UI</Filter>
    </ClInclude>
    <ClInclude Include="UIImage.h">
      <Filter>UI</Filter>
    </ClInclude>
    <ClInclude Include="UIButton.h">
      <Filter>UI</Filter>
    </ClInclude>
    <ClInclude Include="UIManager.h">
      <Filter>SingleTon</Filter>
    </ClInclude>
    <ClInclude Include="SceneLoader.h">
      <Filter>헤더 파일</Filter>
    </ClInclude>
    <ClInclude Include="Death.h">
      <Filter>Character</Filter>
    </ClInclude>
    <ClInclude Include="AIController.h">
      <Filter>Controller</Filter>
    </ClInclude>
    <ClInclude Include="PlayerController.h">
      <Filter>Controller</Filter>
    </ClInclude>
    <ClInclude Include="Controller.h">
      <Filter>Controller</Filter>
    </ClInclude>
    <ClInclude Include="Scene.h">
      <Filter>Scene</Filter>
    </ClInclude>
    <ClInclude Include="Stage.h">
      <Filter>Scene</Filter>
    </ClInclude>
  </ItemGroup>
  <ItemGroup>
    <ClCompile Include="have_a_nice_death.cpp">
      <Filter>소스 파일</Filter>
    </ClCompile>
    <ClCompile Include="SpriteManager.cpp">
      <Filter>SingleTon</Filter>
    </ClCompile>
    <ClCompile Include="Texture.cpp">
      <Filter>Render</Filter>
    </ClCompile>
    <ClCompile Include="Defines.cpp">
      <Filter>Util</Filter>
    </ClCompile>
    <ClCompile Include="pch.cpp">
      <Filter>헤더 파일</Filter>
    </ClCompile>
    <ClCompile Include="DXBitmap.cpp">
      <Filter>Util</Filter>
    </ClCompile>
    <ClCompile Include="Game.cpp">
      <Filter>SingleTon</Filter>
    </ClCompile>
    <ClCompile Include="InputManager.cpp">
      <Filter>SingleTon</Filter>
    </ClCompile>
    <ClCompile Include="TimeManager.cpp">
      <Filter>SingleTon</Filter>
    </ClCompile>
    <ClCompile Include="LobbyScene.cpp">
      <Filter>Scene</Filter>
    </ClCompile>
    <ClCompile Include="GameScene.cpp">
      <Filter>Scene</Filter>
    </ClCompile>
    <ClCompile Include="EditorScene.cpp">
      <Filter>Scene</Filter>
    </ClCompile>
    <ClCompile Include="Object.cpp">
      <Filter>Object</Filter>
    </ClCompile>
    <ClCompile Include="Animaotr.cpp">
      <Filter>Render</Filter>
    </ClCompile>
    <ClCompile Include="LivingObject.cpp">
      <Filter>Object</Filter>
    </ClCompile>
    <ClCompile Include="StaticObject.cpp">
      <Filter>Object</Filter>
    </ClCompile>
    <ClCompile Include="UI.cpp">
      <Filter>UI</Filter>
    </ClCompile>
    <ClCompile Include="UIImage.cpp">
      <Filter>UI</Filter>
    </ClCompile>
    <ClCompile Include="UIButton.cpp">
      <Filter>UI</Filter>
    </ClCompile>
    <ClCompile Include="UIManager.cpp">
      <Filter>SingleTon</Filter>
    </ClCompile>
    <ClCompile Include="SceneLoader.cpp">
      <Filter>소스 파일</Filter>
    </ClCompile>
    <ClCompile Include="Death.cpp">
      <Filter>Character</Filter>
    </ClCompile>
    <ClCompile Include="PlayerController.cpp">
      <Filter>Controller</Filter>
    </ClCompile>
    <ClCompile Include="AIController.cpp">
      <Filter>Controller</Filter>
    </ClCompile>
    <ClCompile Include="Controller.cpp">
      <Filter>Controller</Filter>
    </ClCompile>
    <ClCompile Include="Scene.cpp">
      <Filter>Scene</Filter>
    </ClCompile>
    <ClCompile Include="Stage.cpp">
      <Filter>Scene</Filter>
    </ClCompile>
  </ItemGroup>
  <ItemGroup>
    <ResourceCompile Include="have_a_nice_death.rc">
      <Filter>리소스 파일</Filter>
    </ResourceCompile>
  </ItemGroup>
  <ItemGroup>
    <Image Include="small.ico">
      <Filter>리소스 파일</Filter>
    </Image>
    <Image Include="have_a_nice_death.ico">
      <Filter>리소스 파일</Filter>
    </Image>
  </ItemGroup>
</Project>